{
  "name": "pocket-chop",
  "version": "0.1.0",
  "lockfileVersion": 3,
  "requires": true,
  "packages": {
    "": {
      "name": "pocket-chop",
      "version": "0.1.0",
      "dependencies": {
        "jszip": "^3.10.2"
      },
      "devDependencies": {
        "@types/jszip": "^3.4.0",
        "typescript": "~5.7.2",
        "vite": "^6.0.0"
      }
    }
  }
}
